
Microsoft Visual Studio Solution File, Format Version 12.00
# Visual Studio Version 17
VisualStudioVersion = 17.10.35122.118
MinimumVisualStudioVersion = 10.0.40219.1
Project("{FAE04EC0-301F-11D3-BF4B-00C04F79EFBC}") = "EjercicioPolimorfismo", "EjercicioPolimorfismo\EjercicioPolimorfismo.csproj", "{61B89F59-FE5D-4059-AD31-DBDA03A570BB}"
EndProject
Global
	GlobalSection(SolutionConfigurationPlatforms) = preSolution
		Debug|Any CPU = Debug|Any CPU
		Release|Any CPU = Release|Any CPU
	EndGlobalSection
	GlobalSection(ProjectConfigurationPlatforms) = postSolution
		{61B89F59-FE5D-4059-AD31-DBDA03A570BB}.Debug|Any CPU.ActiveCfg = Debug|Any CPU
		{61B89F59-FE5D-4059-AD31-DBDA03A570BB}.Debug|Any CPU.Build.0 = Debug|Any CPU
		{61B89F59-FE5D-4059-AD31-DBDA03A570BB}.Release|Any CPU.ActiveCfg = Release|Any CPU
		{61B89F59-FE5D-4059-AD31-DBDA03A570BB}.Release|Any CPU.Build.0 = Release|Any CPU
	EndGlobalSection
	GlobalSection(SolutionProperties) = preSolution
		HideSolutionNode = FALSE
	EndGlobalSection
	GlobalSection(ExtensibilityGlobals) = postSolution
		SolutionGuid = {88D7DE77-5331-447F-8856-264DD6363D8F}
	EndGlobalSection
EndGlobal
